
Microsoft Visual Studio Solution File, Format Version 12.00
# Visual Studio Version 17
VisualStudioVersion = 17.0.31912.275
MinimumVisualStudioVersion = 10.0.40219.1
Project("{FAE04EC0-301F-11D3-BF4B-00C04F79EFBC}") = "2consol", "2consol\2consol.csproj", "{629C735B-C8F1-48F0-8DD9-1215E011C997}"
EndProject
Global
	GlobalSection(SolutionConfigurationPlatforms) = preSolution
		Debug|Any CPU = Debug|Any CPU
		Release|Any CPU = Release|Any CPU
	EndGlobalSection
	GlobalSection(ProjectConfigurationPlatforms) = postSolution
		{629C735B-C8F1-48F0-8DD9-1215E011C997}.Debug|Any CPU.ActiveCfg = Debug|Any CPU
		{629C735B-C8F1-48F0-8DD9-1215E011C997}.Debug|Any CPU.Build.0 = Debug|Any CPU
		{629C735B-C8F1-48F0-8DD9-1215E011C997}.Release|Any CPU.ActiveCfg = Release|Any CPU
		{629C735B-C8F1-48F0-8DD9-1215E011C997}.Release|Any CPU.Build.0 = Release|Any CPU
	EndGlobalSection
	GlobalSection(SolutionProperties) = preSolution
		HideSolutionNode = FALSE
	EndGlobalSection
	GlobalSection(ExtensibilityGlobals) = postSolution
		SolutionGuid = {1DEF3A7D-2F10-469F-815C-0A8A36C61FE8}
	EndGlobalSection
EndGlobal
